
Microsoft Visual Studio Solution File, Format Version 12.00
# Visual Studio Version 16
VisualStudioVersion = 16.0.31515.178
MinimumVisualStudioVersion = 10.0.40219.1
Project("{9A19103F-16F7-4668-BE54-9A1E7A4F7556}") = "LicenseGenerator", "LicenseGenerator.csproj", "{1C376025-E7BC-49A3-9C8C-A8D8408E8604}"
EndProject
Global
	GlobalSection(SolutionConfigurationPlatforms) = preSolution
		Debug|Any CPU = Debug|Any CPU
		Release|Any CPU = Release|Any CPU
	EndGlobalSection
	GlobalSection(ProjectConfigurationPlatforms) = postSolution
		{1C376025-E7BC-49A3-9C8C-A8D8408E8604}.Debug|Any CPU.ActiveCfg = Debug|Any CPU
		{1C376025-E7BC-49A3-9C8C-A8D8408E8604}.Debug|Any CPU.Build.0 = Debug|Any CPU
		{1C376025-E7BC-49A3-9C8C-A8D8408E8604}.Release|Any CPU.ActiveCfg = Release|Any CPU
		{1C376025-E7BC-49A3-9C8C-A8D8408E8604}.Release|Any CPU.Build.0 = Release|Any CPU
	EndGlobalSection
	GlobalSection(SolutionProperties) = preSolution
		HideSolutionNode = FALSE
	EndGlobalSection
	GlobalSection(ExtensibilityGlobals) = postSolution
		SolutionGuid = {FDA3C072-760B-442A-8F88-D2E42DC75905}
	EndGlobalSection
EndGlobal
